
Microsoft Visual Studio Solution File, Format Version 12.00
# Visual Studio Version 17
VisualStudioVersion = 17.5.33502.453
MinimumVisualStudioVersion = 10.0.40219.1
Project("{2150E333-8FDC-42A3-9474-1A3956D46DE8}") = "Internal", "Internal", "{970DF842-006B-4ADD-B174-B38ADFCB1391}"
	ProjectSection(SolutionItems) = preProject
		Internal\.editorconfig = Internal\.editorconfig
	EndProjectSection
EndProject
Project("{2150E333-8FDC-42A3-9474-1A3956D46DE8}") = "Scripts", "Scripts", "{BEB65D73-5D73-478B-B8EA-53A8940730F9}"
EndProject
Project("{2150E333-8FDC-42A3-9474-1A3956D46DE8}") = "Dlls", "Dlls", "{2768FF73-F4E4-4057-B4BD-45EB7966B5FA}"
	ProjectSection(SolutionItems) = preProject
		Dlls\ABOUT.md = Dlls\ABOUT.md
	EndProjectSection
EndProject
Project("{2150E333-8FDC-42A3-9474-1A3956D46DE8}") = "CompanionFiles", "CompanionFiles", "{BB2A501A-7D99-4883-9107-2E904E7F026D}"
EndProject
Project("{2150E333-8FDC-42A3-9474-1A3956D46DE8}") = "Skyline DataMiner", "Skyline DataMiner", "{F9B6CCBF-14B7-4A76-92E0-86D61849442C}"
	ProjectSection(SolutionItems) = preProject
		CompanionFiles\Skyline DataMiner\AboutThisFolder.md = CompanionFiles\Skyline DataMiner\AboutThisFolder.md
	EndProjectSection
EndProject
Project("{2150E333-8FDC-42A3-9474-1A3956D46DE8}") = "Documentation", "Documentation", "{B67EAF82-6B63-40CA-B718-332AC0E456D8}"
	ProjectSection(SolutionItems) = preProject
		Documentation\ABOUT.md = Documentation\ABOUT.md
		README.md = README.md
	EndProjectSection
EndProject
Project("{2150E333-8FDC-42A3-9474-1A3956D46DE8}") = "Tests", "Tests", "{F8938D60-51A0-4880-9CFC-19C66379BB5D}"
EndProject
Project("{2150E333-8FDC-42A3-9474-1A3956D46DE8}") = "Code Analysis", "Code Analysis", "{6CAA67AD-7DD7-4E01-BAA2-33C6B04D33ED}"
	ProjectSection(SolutionItems) = preProject
		Internal\Code Analysis\qaction-debug.ruleset = Internal\Code Analysis\qaction-debug.ruleset
		Internal\Code Analysis\qaction-release.ruleset = Internal\Code Analysis\qaction-release.ruleset
		Internal\Code Analysis\stylecop.json = Internal\Code Analysis\stylecop.json
	EndProjectSection
EndProject
Project("{2150E333-8FDC-42A3-9474-1A3956D46DE8}") = "SLC-AS-XWATest", "SLC-AS-XWATest", "{B118A928-F731-4DA9-918D-CF057867ABA9}"
	ProjectSection(SolutionItems) = preProject
		SLC-AS-XWATest.xml = SLC-AS-XWATest.xml
	EndProjectSection
EndProject
Project("{2150E333-8FDC-42A3-9474-1A3956D46DE8}") = "Actions", "Actions", "{76AFF58C-A87F-4C05-A79B-696061D956F7}"
EndProject
Project("{9A19103F-16F7-4668-BE54-9A1E7A4F7556}") = "SLC-AS-XWATest_1", "SLC-AS-XWATest_1\SLC-AS-XWATest_1.csproj", "{2AFB487E-EA03-4FC7-B1AC-5405BB2C4DC3}"
EndProject
Global
	GlobalSection(SolutionConfigurationPlatforms) = preSolution
		Debug|Any CPU = Debug|Any CPU
		Release|Any CPU = Release|Any CPU
	EndGlobalSection
	GlobalSection(ProjectConfigurationPlatforms) = postSolution
		{2AFB487E-EA03-4FC7-B1AC-5405BB2C4DC3}.Debug|Any CPU.ActiveCfg = Debug|Any CPU
		{2AFB487E-EA03-4FC7-B1AC-5405BB2C4DC3}.Debug|Any CPU.Build.0 = Debug|Any CPU
		{2AFB487E-EA03-4FC7-B1AC-5405BB2C4DC3}.Release|Any CPU.ActiveCfg = Release|Any CPU
		{2AFB487E-EA03-4FC7-B1AC-5405BB2C4DC3}.Release|Any CPU.Build.0 = Release|Any CPU
	EndGlobalSection
	GlobalSection(SolutionProperties) = preSolution
		HideSolutionNode = FALSE
	EndGlobalSection
	GlobalSection(NestedProjects) = preSolution
		{F9B6CCBF-14B7-4A76-92E0-86D61849442C} = {BB2A501A-7D99-4883-9107-2E904E7F026D}
		{6CAA67AD-7DD7-4E01-BAA2-33C6B04D33ED} = {970DF842-006B-4ADD-B174-B38ADFCB1391}
		{B118A928-F731-4DA9-918D-CF057867ABA9} = {BEB65D73-5D73-478B-B8EA-53A8940730F9}
		{76AFF58C-A87F-4C05-A79B-696061D956F7} = {B118A928-F731-4DA9-918D-CF057867ABA9}
		{2AFB487E-EA03-4FC7-B1AC-5405BB2C4DC3} = {76AFF58C-A87F-4C05-A79B-696061D956F7}
	EndGlobalSection
	GlobalSection(ExtensibilityGlobals) = postSolution
		SolutionGuid = {619272BF-8DC5-416B-95E1-99F03C0C5F14}
	EndGlobalSection
EndGlobal
